;;;;;;;;;;;;;;;;;;;;;;;;;;;;;;;;;;;;;;;;;;;;;;;;;;;;;;;;;;;;;;;;;;;;;;;;;;;;;;;;
;; This is autogenerated by CLPM. Do not edit by hand.
;;;;;;;;;;;;;;;;;;;;;;;;;;;;;;;;;;;;;;;;;;;;;;;;;;;;;;;;;;;;;;;;;;;;;;;;;;;;;;;;

(:api-version "0.4")

;;;;;;;;;;;;;;;;;;;;;;;;;;;;;;;;;;;;;;;;;;;;;;;;;;;;;;;;;;;;;;;;;;;;;;;;;;;;;;;;
;; BEGIN SOURCES
;;;;;;;;;;;;;;;;;;;;;;;;;;;;;;;;;;;;;;;;;;;;;;;;;;;;;;;;;;;;;;;;;;;;;;;;;;;;;;;;

:sources
(:implicit-file :type :file-system :system-files ("./cl-events-tests.asd"))
(:implicit-file :type :file-system :system-files ("./cl-events.asd"))
(:implicit-vcs :type :vcs :projects (("fiveam" :github :path "lispci/fiveam")))
("quicklisp" :url "https://quicklisp.common-lisp-project-index.org/" :type
 :clpi)


;;;;;;;;;;;;;;;;;;;;;;;;;;;;;;;;;;;;;;;;;;;;;;;;;;;;;;;;;;;;;;;;;;;;;;;;;;;;;;;;
;; BEGIN REQUIREMENTS
;;;;;;;;;;;;;;;;;;;;;;;;;;;;;;;;;;;;;;;;;;;;;;;;;;;;;;;;;;;;;;;;;;;;;;;;;;;;;;;;

:requirements
(:system :name "bordeaux-threads")
(:system :name "alexandria" :source "quicklisp")
(:project :name "fiveam" :commit "e11dee752a8f59065033ef9d60641d4a2f1e8379"
 :source :implicit-vcs)
(:asd-file :name "./cl-events-tests.asd")
(:asd-file :name "./cl-events.asd")


;;;;;;;;;;;;;;;;;;;;;;;;;;;;;;;;;;;;;;;;;;;;;;;;;;;;;;;;;;;;;;;;;;;;;;;;;;;;;;;;
;; BEGIN RELEASES
;;;;;;;;;;;;;;;;;;;;;;;;;;;;;;;;;;;;;;;;;;;;;;;;;;;;;;;;;;;;;;;;;;;;;;;;;;;;;;;;

:releases
("./cl-events-tests.asd" :version :newest :source :implicit-file :systems nil)
("./cl-events.asd" :version :newest :source :implicit-file :systems nil)
("alexandria" :version "2022-07-08" :source "quicklisp" :systems ("alexandria"))
("asdf-flv" :version "2016-04-21" :source "quicklisp" :systems
 ("net.didierverna.asdf-flv"))
("bordeaux-threads" :version "2022-07-08" :source "quicklisp" :systems
 ("bordeaux-threads"))
("fiveam" :version (:commit "e11dee752a8f59065033ef9d60641d4a2f1e8379") :source
 :implicit-vcs :systems ("fiveam" "fiveam/test"))
("trivial-backtrace" :version "2020-06-10" :source "quicklisp" :systems
 ("trivial-backtrace"))


;;;;;;;;;;;;;;;;;;;;;;;;;;;;;;;;;;;;;;;;;;;;;;;;;;;;;;;;;;;;;;;;;;;;;;;;;;;;;;;;
;; BEGIN REVERSE-DEPENDENCIES
;;;;;;;;;;;;;;;;;;;;;;;;;;;;;;;;;;;;;;;;;;;;;;;;;;;;;;;;;;;;;;;;;;;;;;;;;;;;;;;;

:reverse-dependencies
("./cl-events-tests.asd" (t (:asd-file :name "./cl-events-tests.asd")))

("./cl-events.asd" (t (:asd-file :name "./cl-events.asd")))

("alexandria" ((:system :name "fiveam") (:system :name "alexandria"))
 ((:system :name "bordeaux-threads") (:system :name "alexandria"))
 (t (:system :name "alexandria" :source "quicklisp")))

("asdf-flv"
 ((:system :name "fiveam") (:system :name "net.didierverna.asdf-flv")))

("bordeaux-threads" (t (:system :name "bordeaux-threads")))

("fiveam" ((:system :name "fiveam/test") (:system :name "fiveam"))
 (t
  (:project :name "fiveam" :commit "e11dee752a8f59065033ef9d60641d4a2f1e8379"
   :source :implicit-vcs)))

("trivial-backtrace"
 ((:system :name "fiveam") (:system :name "trivial-backtrace")))
